PODS:
  - AsyncStorage (3.1.1):
    - glog
    - RCT-Folly (= 2022.05.16.00)
    - React-Core
  - boost (1.83.0)
  - DoubleConversion (1.1.6)
  - FBLazyVector (0.73.11)
  - FBReactNativeSpec (0.73.11):
    - RCT-Folly (= 2022.05.16.00)
    - RCTRequired (= 0.73.11)
    - RCTTypeSafety (= 0.73.11)
    - React-Core (= 0.73.11)
    - React-jsi (= 0.73.11)
    - ReactCommon/turbomodule/core (= 0.73.11)
  - fmt (6.2.1)
  - glog (0.3.5)
  - hermes-engine (0.73.11):
    - hermes-engine/Pre-built (= 0.73.11)
  - hermes-engine/Pre-built (0.73.11)
  - HMSegmentedControl (1.5.6)
  - libevent (2.1.12)
  - libwebp (1.6.0):
    - libwebp/demux (= 1.6.0)
    - libwebp/mux (= 1.6.0)
    - libwebp/sharpyuv (= 1.6.0)
    - libwebp/webp (= 1.6.0)
  - libwebp/demux (1.6.0):
    - libwebp/webp
  - libwebp/mux (1.6.0):
    - libwebp/demux
  - libwebp/sharpyuv (1.6.0)
  - libwebp/webp (1.6.0):
    - libwebp/sharpyuv
  - MMKV (2.4.1):
    - MMKVCore (~> 2.4.1)
  - MMKVCore (2.4.1)
  - RCT-Folly (2022.05.16.00):
    - boost
    - DoubleConversion
    - fmt (~> 6.2.1)
    - glog
    - RCT-Folly/Default (= 2022.05.16.00)
  - RCT-Folly/Default (2022.05.16.00):
    - boost
    - DoubleConversion
    - fmt (~> 6.2.1)
    - glog
  - RCT-Folly/Fabric (2022.05.16.00):
    - boost
    - DoubleConversion
    - fmt (~> 6.2.1)
    - glog
  - RCT-Folly/Futures (2022.05.16.00):
    - boost
    - DoubleConversion
    - fmt (~> 6.2.1)
    - glog
    - libevent
  - RCTRequired (0.73.11)
  - RCTSystemSetting (1.7.6):
    - React
  - RCTTypeSafety (0.73.11):
    - FBLazyVector (= 0.73.11)
    - RCTRequired (= 0.73.11)
    - React-Core (= 0.73.11)
  - React (0.73.11):
    - React-Core (= 0.73.11)
    - React-Core/DevSupport (= 0.73.11)
    - React-Core/RCTWebSocket (= 0.73.11)
    - React-RCTActionSheet (= 0.73.11)
    - React-RCTAnimation (= 0.73.11)
    - React-RCTBlob (= 0.73.11)
    - React-RCTImage (= 0.73.11)
    - React-RCTLinking (= 0.73.11)
    - React-RCTNetwork (= 0.73.11)
    - React-RCTSettings (= 0.73.11)
    - React-RCTText (= 0.73.11)
    - React-RCTVibration (= 0.73.11)
  - React-callinvoker (0.73.11)
  - React-Codegen (0.73.11):
    - DoubleConversion
    - FBReactNativeSpec
    - glog
    - hermes-engine
    - RCT-Folly
    - RCTRequired
    - RCTTypeSafety
    - React-Core
    - React-jsi
    - React-jsiexecutor
    - React-NativeModulesApple
    - React-rncore
    - ReactCommon/turbomodule/bridging
    - ReactCommon/turbomodule/core
  - React-Core (0.73.11):
    - glog
    - hermes-engine
    - RCT-Folly (= 2022.05.16.00)
    - React-Core/Default (= 0.73.11)
    - React-cxxreact
    - React-hermes
    - React-jsi
    - React-jsiexecutor
    - React-perflogger
    - React-runtimescheduler
    - React-utils
    - SocketRocket (= 0.6.1)
    - Yoga
  - React-Core/CoreModulesHeaders (0.73.11):
    - glog
    - hermes-engine
    - RCT-Folly (= 2022.05.16.00)
    - React-Core/Default
    - React-cxxreact
    - React-hermes
    - React-jsi
    - React-jsiexecutor
    - React-perflogger
    - React-runtimescheduler
    - React-utils
    - SocketRocket (= 0.6.1)
    - Yoga
  - React-Core/Default (0.73.11):
    - glog
    - hermes-engine
    - RCT-Folly (= 2022.05.16.00)
    - React-cxxreact
    - React-hermes
    - React-jsi
    - React-jsiexecutor
    - React-perflogger
    - React-runtimescheduler
    - React-utils
    - SocketRocket (= 0.6.1)
    - Yoga
  - React-Core/DevSupport (0.73.11):
    - glog
    - hermes-engine
    - RCT-Folly (= 2022.05.16.00)
    - React-Core/Default (= 0.73.11)
    - React-Core/RCTWebSocket (= 0.73.11)
    - React-cxxreact
    - React-hermes
    - React-jsi
    - React-jsiexecutor
    - React-jsinspector (= 0.73.11)
    - React-perflogger
    - React-runtimescheduler
    - React-utils
    - SocketRocket (= 0.6.1)
    - Yoga
  - React-Core/RCTActionSheetHeaders (0.73.11):
    - glog
    - hermes-engine
    - RCT-Folly (= 2022.05.16.00)
    - React-Core/Default
    - React-cxxreact
    - React-hermes
    - React-jsi
    - React-jsiexecutor
    - React-perflogger
    - React-runtimescheduler
    - React-utils
    - SocketRocket (= 0.6.1)
    - Yoga
  - React-Core/RCTAnimationHeaders (0.73.11):
    - glog
    - hermes-engine
    - RCT-Folly (= 2022.05.16.00)
    - React-Core/Default
    - React-cxxreact
    - React-hermes
    - React-jsi
    - React-jsiexecutor
    - React-perflogger
    - React-runtimescheduler
    - React-utils
    - SocketRocket (= 0.6.1)
    - Yoga
  - React-Core/RCTBlobHeaders (0.73.11):
    - glog
    - hermes-engine
    - RCT-Folly (= 2022.05.16.00)
    - React-Core/Default
    - React-cxxreact
    - React-hermes
    - React-jsi
    - React-jsiexecutor
    - React-perflogger
    - React-runtimescheduler
    - React-utils
    - SocketRocket (= 0.6.1)
    - Yoga
  - React-Core/RCTImageHeaders (0.73.11):
    - glog
    - hermes-engine
    - RCT-Folly (= 2022.05.16.00)
    - React-Core/Default
    - React-cxxreact
    - React-hermes
    - React-jsi
    - React-jsiexecutor
    - React-perflogger
    - React-runtimescheduler
    - React-utils
    - SocketRocket (= 0.6.1)
    - Yoga
  - React-Core/RCTLinkingHeaders (0.73.11):
    - glog
    - hermes-engine
    - RCT-Folly (= 2022.05.16.00)
    - React-Core/Default
    - React-cxxreact
    - React-hermes
    - React-jsi
    - React-jsiexecutor
    - React-perflogger
    - React-runtimescheduler
    - React-utils
    - SocketRocket (= 0.6.1)
    - Yoga
  - React-Core/RCTNetworkHeaders (0.73.11):
    - glog
    - hermes-engine
    - RCT-Folly (= 2022.05.16.00)
    - React-Core/Default
    - React-cxxreact
    - React-hermes
    - React-jsi
    - React-jsiexecutor
    - React-perflogger
    - React-runtimescheduler
    - React-utils
    - SocketRocket (= 0.6.1)
    - Yoga
  - React-Core/RCTSettingsHeaders (0.73.11):
    - glog
    - hermes-engine
    - RCT-Folly (= 2022.05.16.00)
    - React-Core/Default
    - React-cxxreact
    - React-hermes
    - React-jsi
    - React-jsiexecutor
    - React-perflogger
    - React-runtimescheduler
    - React-utils
    - SocketRocket (= 0.6.1)
    - Yoga
  - React-Core/RCTTextHeaders (0.73.11):
    - glog
    - hermes-engine
    - RCT-Folly (= 2022.05.16.00)
    - React-Core/Default
    - React-cxxreact
    - React-hermes
    - React-jsi
    - React-jsiexecutor
    - React-perflogger
    - React-runtimescheduler
    - React-utils
    - SocketRocket (= 0.6.1)
    - Yoga
  - React-Core/RCTVibrationHeaders (0.73.11):
    - glog
    - hermes-engine
    - RCT-Folly (= 2022.05.16.00)
    - React-Core/Default
    - React-cxxreact
    - React-hermes
    - React-jsi
    - React-jsiexecutor
    - React-perflogger
    - React-runtimescheduler
    - React-utils
    - SocketRocket (= 0.6.1)
    - Yoga
  - React-Core/RCTWebSocket (0.73.11):
    - glog
    - hermes-engine
    - RCT-Folly (= 2022.05.16.00)
    - React-Core/Default (= 0.73.11)
    - React-cxxreact
    - React-hermes
    - React-jsi
    - React-jsiexecutor
    - React-perflogger
    - React-runtimescheduler
    - React-utils
    - SocketRocket (= 0.6.1)
    - Yoga
  - React-CoreModules (0.73.11):
    - RCT-Folly (= 2022.05.16.00)
    - RCTTypeSafety (= 0.73.11)
    - React-Codegen
    - React-Core/CoreModulesHeaders (= 0.73.11)
    - React-jsi (= 0.73.11)
    - React-NativeModulesApple
    - React-RCTBlob
    - React-RCTImage (= 0.73.11)
    - ReactCommon
    - SocketRocket (= 0.6.1)
  - React-cxxreact (0.73.11):
    - boost (= 1.83.0)
    - DoubleConversion
    - fmt (~> 6.2.1)
    - glog
    - hermes-engine
    - RCT-Folly (= 2022.05.16.00)
    - React-callinvoker (= 0.73.11)
    - React-debug (= 0.73.11)
    - React-jsi (= 0.73.11)
    - React-jsinspector (= 0.73.11)
    - React-logger (= 0.73.11)
    - React-perflogger (= 0.73.11)
    - React-runtimeexecutor (= 0.73.11)
  - React-debug (0.73.11)
  - React-Fabric (0.73.11):
    - DoubleConversion
    - fmt (~> 6.2.1)
    - glog
    - hermes-engine
    - RCT-Folly/Fabric (= 2022.05.16.00)
    - RCTRequired
    - RCTTypeSafety
    - React-Core
    - React-cxxreact
    - React-debug
    - React-Fabric/animations (= 0.73.11)
    - React-Fabric/attributedstring (= 0.73.11)
    - React-Fabric/componentregistry (= 0.73.11)
    - React-Fabric/componentregistrynative (= 0.73.11)
    - React-Fabric/components (= 0.73.11)
    - React-Fabric/core (= 0.73.11)
    - React-Fabric/imagemanager (= 0.73.11)
    - React-Fabric/leakchecker (= 0.73.11)
    - React-Fabric/mounting (= 0.73.11)
    - React-Fabric/scheduler (= 0.73.11)
    - React-Fabric/telemetry (= 0.73.11)
    - React-Fabric/templateprocessor (= 0.73.11)
    - React-Fabric/textlayoutmanager (= 0.73.11)
    - React-Fabric/uimanager (= 0.73.11)
    - React-graphics
    - React-jsi
    - React-jsiexecutor
    - React-logger
    - React-rendererdebug
    - React-runtimescheduler
    - React-utils
    - ReactCommon/turbomodule/core
  - React-Fabric/animations (0.73.11):
    - DoubleConversion
    - fmt (~> 6.2.1)
    - glog
    - hermes-engine
    - RCT-Folly/Fabric (= 2022.05.16.00)
    - RCTRequired
    - RCTTypeSafety
    - React-Core
    - React-cxxreact
    - React-debug
    - React-graphics
    - React-jsi
    - React-jsiexecutor
    - React-logger
    - React-rendererdebug
    - React-runtimescheduler
    - React-utils
    - ReactCommon/turbomodule/core
  - React-Fabric/attributedstring (0.73.11):
    - DoubleConversion
    - fmt (~> 6.2.1)
    - glog
    - hermes-engine
    - RCT-Folly/Fabric (= 2022.05.16.00)
    - RCTRequired
    - RCTTypeSafety
    - React-Core
    - React-cxxreact
    - React-debug
    - React-graphics
    - React-jsi
    - React-jsiexecutor
    - React-logger
    - React-rendererdebug
    - React-runtimescheduler
    - React-utils
    - ReactCommon/turbomodule/core
  - React-Fabric/componentregistry (0.73.11):
    - DoubleConversion
    - fmt (~> 6.2.1)
    - glog
    - hermes-engine
    - RCT-Folly/Fabric (= 2022.05.16.00)
    - RCTRequired
    - RCTTypeSafety
    - React-Core
    - React-cxxreact
    - React-debug
    - React-graphics
    - React-jsi
    - React-jsiexecutor
    - React-logger
    - React-rendererdebug
    - React-runtimescheduler
    - React-utils
    - ReactCommon/turbomodule/core
  - React-Fabric/componentregistrynative (0.73.11):
    - DoubleConversion
    - fmt (~> 6.2.1)
    - glog
    - hermes-engine
    - RCT-Folly/Fabric (= 2022.05.16.00)
    - RCTRequired
    - RCTTypeSafety
    - React-Core
    - React-cxxreact
    - React-debug
    - React-graphics
    - React-jsi
    - React-jsiexecutor
    - React-logger
    - React-rendererdebug
    - React-runtimescheduler
    - React-utils
    - ReactCommon/turbomodule/core
  - React-Fabric/components (0.73.11):
    - DoubleConversion
    - fmt (~> 6.2.1)
    - glog
    - hermes-engine
    - RCT-Folly/Fabric (= 2022.05.16.00)
    - RCTRequired
    - RCTTypeSafety
    - React-Core
    - React-cxxreact
    - React-debug
    - React-Fabric/components/inputaccessory (= 0.73.11)
    - React-Fabric/components/legacyviewmanagerinterop (= 0.73.11)
    - React-Fabric/components/modal (= 0.73.11)
    - React-Fabric/components/rncore (= 0.73.11)
    - React-Fabric/components/root (= 0.73.11)
    - React-Fabric/components/safeareaview (= 0.73.11)
    - React-Fabric/components/scrollview (= 0.73.11)
    - React-Fabric/components/text (= 0.73.11)
    - React-Fabric/components/textinput (= 0.73.11)
    - React-Fabric/components/unimplementedview (= 0.73.11)
    - React-Fabric/components/view (= 0.73.11)
    - React-graphics
    - React-jsi
    - React-jsiexecutor
    - React-logger
    - React-rendererdebug
    - React-runtimescheduler
    - React-utils
    - ReactCommon/turbomodule/core
  - React-Fabric/components/inputaccessory (0.73.11):
    - DoubleConversion
    - fmt (~> 6.2.1)
    - glog
    - hermes-engine
    - RCT-Folly/Fabric (= 2022.05.16.00)
    - RCTRequired
    - RCTTypeSafety
    - React-Core
    - React-cxxreact
    - React-debug
    - React-graphics
    - React-jsi
    - React-jsiexecutor
    - React-logger
    - React-rendererdebug
    - React-runtimescheduler
    - React-utils
    - ReactCommon/turbomodule/core
  - React-Fabric/components/legacyviewmanagerinterop (0.73.11):
    - DoubleConversion
    - fmt (~> 6.2.1)
    - glog
    - hermes-engine
    - RCT-Folly/Fabric (= 2022.05.16.00)
    - RCTRequired
    - RCTTypeSafety
    - React-Core
    - React-cxxreact
    - React-debug
    - React-graphics
    - React-jsi
    - React-jsiexecutor
    - React-logger
    - React-rendererdebug
    - React-runtimescheduler
    - React-utils
    - ReactCommon/turbomodule/core
  - React-Fabric/components/modal (0.73.11):
    - DoubleConversion
    - fmt (~> 6.2.1)
    - glog
    - hermes-engine
    - RCT-Folly/Fabric (= 2022.05.16.00)
    - RCTRequired
    - RCTTypeSafety
    - React-Core
    - React-cxxreact
    - React-debug
    - React-graphics
    - React-jsi
    - React-jsiexecutor
    - React-logger
    - React-rendererdebug
    - React-runtimescheduler
    - React-utils
    - ReactCommon/turbomodule/core
  - React-Fabric/components/rncore (0.73.11):
    - DoubleConversion
    - fmt (~> 6.2.1)
    - glog
    - hermes-engine
    - RCT-Folly/Fabric (= 2022.05.16.00)
    - RCTRequired
    - RCTTypeSafety
    - React-Core
    - React-cxxreact
    - React-debug
    - React-graphics
    - React-jsi
    - React-jsiexecutor
    - React-logger
    - React-rendererdebug
    - React-runtimescheduler
    - React-utils
    - ReactCommon/turbomodule/core
  - React-Fabric/components/root (0.73.11):
    - DoubleConversion
    - fmt (~> 6.2.1)
    - glog
    - hermes-engine
    - RCT-Folly/Fabric (= 2022.05.16.00)
    - RCTRequired
    - RCTTypeSafety
    - React-Core
    - React-cxxreact
    - React-debug
    - React-graphics
    - React-jsi
    - React-jsiexecutor
    - React-logger
    - React-rendererdebug
    - React-runtimescheduler
    - React-utils
    - ReactCommon/turbomodule/core
  - React-Fabric/components/safeareaview (0.73.11):
    - DoubleConversion
    - fmt (~> 6.2.1)
    - glog
    - hermes-engine
    - RCT-Folly/Fabric (= 2022.05.16.00)
    - RCTRequired
    - RCTTypeSafety
    - React-Core
    - React-cxxreact
    - React-debug
    - React-graphics
    - React-jsi
    - React-jsiexecutor
    - React-logger
    - React-rendererdebug
    - React-runtimescheduler
    - React-utils
    - ReactCommon/turbomodule/core
  - React-Fabric/components/scrollview (0.73.11):
    - DoubleConversion
    - fmt (~> 6.2.1)
    - glog
    - hermes-engine
    - RCT-Folly/Fabric (= 2022.05.16.00)
    - RCTRequired
    - RCTTypeSafety
    - React-Core
    - React-cxxreact
    - React-debug
    - React-graphics
    - React-jsi
    - React-jsiexecutor
    - React-logger
    - React-rendererdebug
    - React-runtimescheduler
    - React-utils
    - ReactCommon/turbomodule/core
  - React-Fabric/components/text (0.73.11):
    - DoubleConversion
    - fmt (~> 6.2.1)
    - glog
    - hermes-engine
    - RCT-Folly/Fabric (= 2022.05.16.00)
    - RCTRequired
    - RCTTypeSafety
    - React-Core
    - React-cxxreact
    - React-debug
    - React-graphics
    - React-jsi
    - React-jsiexecutor
    - React-logger
    - React-rendererdebug
    - React-runtimescheduler
    - React-utils
    - ReactCommon/turbomodule/core
  - React-Fabric/components/textinput (0.73.11):
    - DoubleConversion
    - fmt (~> 6.2.1)
    - glog
    - hermes-engine
    - RCT-Folly/Fabric (= 2022.05.16.00)
    - RCTRequired
    - RCTTypeSafety
    - React-Core
    - React-cxxreact
    - React-debug
    - React-graphics
    - React-jsi
    - React-jsiexecutor
    - React-logger
    - React-rendererdebug
    - React-runtimescheduler
    - React-utils
    - ReactCommon/turbomodule/core
  - React-Fabric/components/unimplementedview (0.73.11):
    - DoubleConversion
    - fmt (~> 6.2.1)
    - glog
    - hermes-engine
    - RCT-Folly/Fabric (= 2022.05.16.00)
    - RCTRequired
    - RCTTypeSafety
    - React-Core
    - React-cxxreact
    - React-debug
    - React-graphics
    - React-jsi
    - React-jsiexecutor
    - React-logger
    - React-rendererdebug
    - React-runtimescheduler
    - React-utils
    - ReactCommon/turbomodule/core
  - React-Fabric/components/view (0.73.11):
    - DoubleConversion
    - fmt (~> 6.2.1)
    - glog
    - hermes-engine
    - RCT-Folly/Fabric (= 2022.05.16.00)
    - RCTRequired
    - RCTTypeSafety
    - React-Core
    - React-cxxreact
    - React-debug
    - React-graphics
    - React-jsi
    - React-jsiexecutor
    - React-logger
    - React-rendererdebug
    - React-runtimescheduler
    - React-utils
    - ReactCommon/turbomodule/core
    - Yoga
  - React-Fabric/core (0.73.11):
    - DoubleConversion
    - fmt (~> 6.2.1)
    - glog
    - hermes-engine
    - RCT-Folly/Fabric (= 2022.05.16.00)
    - RCTRequired
    - RCTTypeSafety
    - React-Core
    - React-cxxreact
    - React-debug
    - React-graphics
    - React-jsi
    - React-jsiexecutor
    - React-logger
    - React-rendererdebug
    - React-runtimescheduler
    - React-utils
    - ReactCommon/turbomodule/core
  - React-Fabric/imagemanager (0.73.11):
    - DoubleConversion
    - fmt (~> 6.2.1)
    - glog
    - hermes-engine
    - RCT-Folly/Fabric (= 2022.05.16.00)
    - RCTRequired
    - RCTTypeSafety
    - React-Core
    - React-cxxreact
    - React-debug
    - React-graphics
    - React-jsi
    - React-jsiexecutor
    - React-logger
    - React-rendererdebug
    - React-runtimescheduler
    - React-utils
    - ReactCommon/turbomodule/core
  - React-Fabric/leakchecker (0.73.11):
    - DoubleConversion
    - fmt (~> 6.2.1)
    - glog
    - hermes-engine
    - RCT-Folly/Fabric (= 2022.05.16.00)
    - RCTRequired
    - RCTTypeSafety
    - React-Core
    - React-cxxreact
    - React-debug
    - React-graphics
    - React-jsi
    - React-jsiexecutor
    - React-logger
    - React-rendererdebug
    - React-runtimescheduler
    - React-utils
    - ReactCommon/turbomodule/core
  - React-Fabric/mounting (0.73.11):
    - DoubleConversion
    - fmt (~> 6.2.1)
    - glog
    - hermes-engine
    - RCT-Folly/Fabric (= 2022.05.16.00)
    - RCTRequired
    - RCTTypeSafety
    - React-Core
    - React-cxxreact
    - React-debug
    - React-graphics
    - React-jsi
    - React-jsiexecutor
    - React-logger
    - React-rendererdebug
    - React-runtimescheduler
    - React-utils
    - ReactCommon/turbomodule/core
  - React-Fabric/scheduler (0.73.11):
    - DoubleConversion
    - fmt (~> 6.2.1)
    - glog
    - hermes-engine
    - RCT-Folly/Fabric (= 2022.05.16.00)
    - RCTRequired
    - RCTTypeSafety
    - React-Core
    - React-cxxreact
    - React-debug
    - React-graphics
    - React-jsi
    - React-jsiexecutor
    - React-logger
    - React-rendererdebug
    - React-runtimescheduler
    - React-utils
    - ReactCommon/turbomodule/core
  - React-Fabric/telemetry (0.73.11):
    - DoubleConversion
    - fmt (~> 6.2.1)
    - glog
    - hermes-engine
    - RCT-Folly/Fabric (= 2022.05.16.00)
    - RCTRequired
    - RCTTypeSafety
    - React-Core
    - React-cxxreact
    - React-debug
    - React-graphics
    - React-jsi
    - React-jsiexecutor
    - React-logger
    - React-rendererdebug
    - React-runtimescheduler
    - React-utils
    - ReactCommon/turbomodule/core
  - React-Fabric/templateprocessor (0.73.11):
    - DoubleConversion
    - fmt (~> 6.2.1)
    - glog
    - hermes-engine
    - RCT-Folly/Fabric (= 2022.05.16.00)
    - RCTRequired
    - RCTTypeSafety
    - React-Core
    - React-cxxreact
    - React-debug
    - React-graphics
    - React-jsi
    - React-jsiexecutor
    - React-logger
    - React-rendererdebug
    - React-runtimescheduler
    - React-utils
    - ReactCommon/turbomodule/core
  - React-Fabric/textlayoutmanager (0.73.11):
    - DoubleConversion
    - fmt (~> 6.2.1)
    - glog
    - hermes-engine
    - RCT-Folly/Fabric (= 2022.05.16.00)
    - RCTRequired
    - RCTTypeSafety
    - React-Core
    - React-cxxreact
    - React-debug
    - React-Fabric/uimanager
    - React-graphics
    - React-jsi
    - React-jsiexecutor
    - React-logger
    - React-rendererdebug
    - React-runtimescheduler
    - React-utils
    - ReactCommon/turbomodule/core
  - React-Fabric/uimanager (0.73.11):
    - DoubleConversion
    - fmt (~> 6.2.1)
    - glog
    - hermes-engine
    - RCT-Folly/Fabric (= 2022.05.16.00)
    - RCTRequired
    - RCTTypeSafety
    - React-Core
    - React-cxxreact
    - React-debug
    - React-graphics
    - React-jsi
    - React-jsiexecutor
    - React-logger
    - React-rendererdebug
    - React-runtimescheduler
    - React-utils
    - ReactCommon/turbomodule/core
  - React-FabricImage (0.73.11):
    - DoubleConversion
    - fmt (~> 6.2.1)
    - glog
    - hermes-engine
    - RCT-Folly/Fabric (= 2022.05.16.00)
    - RCTRequired (= 0.73.11)
    - RCTTypeSafety (= 0.73.11)
    - React-Fabric
    - React-graphics
    - React-ImageManager
    - React-jsi
    - React-jsiexecutor (= 0.73.11)
    - React-logger
    - React-rendererdebug
    - React-utils
    - ReactCommon
    - Yoga
  - React-graphics (0.73.11):
    - glog
    - RCT-Folly/Fabric (= 2022.05.16.00)
    - React-Core/Default (= 0.73.11)
    - React-utils
  - React-hermes (0.73.11):
    - DoubleConversion
    - fmt (~> 6.2.1)
    - glog
    - hermes-engine
    - RCT-Folly (= 2022.05.16.00)
    - RCT-Folly/Futures (= 2022.05.16.00)
    - React-cxxreact (= 0.73.11)
    - React-jsi
    - React-jsiexecutor (= 0.73.11)
    - React-jsinspector (= 0.73.11)
    - React-perflogger (= 0.73.11)
  - React-ImageManager (0.73.11):
    - glog
    - RCT-Folly/Fabric
    - React-Core/Default
    - React-debug
    - React-Fabric
    - React-graphics
    - React-rendererdebug
    - React-utils
  - React-jserrorhandler (0.73.11):
    - RCT-Folly/Fabric (= 2022.05.16.00)
    - React-debug
    - React-jsi
    - React-Mapbuffer
  - React-jsi (0.73.11):
    - boost (= 1.83.0)
    - DoubleConversion
    - fmt (~> 6.2.1)
    - glog
    - hermes-engine
    - RCT-Folly (= 2022.05.16.00)
  - React-jsiexecutor (0.73.11):
    - DoubleConversion
    - fmt (~> 6.2.1)
    - glog
    - hermes-engine
    - RCT-Folly (= 2022.05.16.00)
    - React-cxxreact (= 0.73.11)
    - React-jsi (= 0.73.11)
    - React-perflogger (= 0.73.11)
  - React-jsinspector (0.73.11)
  - React-logger (0.73.11):
    - glog
  - React-Mapbuffer (0.73.11):
    - glog
    - React-debug
  - react-native-airplay-button (1.1.0):
    - React-Core
  - react-native-compressor (1.19.4):
    - glog
    - RCT-Folly (= 2022.05.16.00)
    - React-Core
  - react-native-config (1.5.9):
    - react-native-config/App (= 1.5.9)
  - react-native-config/App (1.5.9):
    - React-Core
  - react-native-mmkv (2.12.2):
    - glog
    - MMKV (>= 1.3.3)
    - RCT-Folly (= 2022.05.16.00)
    - React-Core
  - react-native-netinfo (11.5.2):
    - React-Core
  - react-native-orientation-locker (1.7.0):
    - React-Core
  - react-native-quick-base64 (2.2.2):
    - React-Core
  - react-native-safe-area-context (4.14.1):
    - React-Core
  - react-native-slider (4.5.7):
    - glog
    - RCT-Folly (= 2022.05.16.00)
    - React-Core
  - react-native-vector-icons (13.0.0):
    - glog
    - RCT-Folly (= 2022.05.16.00)
    - React-Core
  - react-native-vector-icons-fontawesome6 (13.1.2)
  - react-native-video (6.19.2):
    - glog
    - RCT-Folly (= 2022.05.16.00)
    - React-Core
    - react-native-video/Video (= 6.19.2)
  - react-native-video/Video (6.19.2):
    - glog
    - RCT-Folly (= 2022.05.16.00)
    - React-Core
  - react-native-webview (14.0.1):
    - glog
    - RCT-Folly (= 2022.05.16.00)
    - React-Core
  - React-nativeconfig (0.73.11)
  - React-NativeModulesApple (0.73.11):
    - glog
    - hermes-engine
    - React-callinvoker
    - React-Core
    - React-cxxreact
    - React-jsi
    - React-runtimeexecutor
    - ReactCommon/turbomodule/bridging
    - ReactCommon/turbomodule/core
  - React-perflogger (0.73.11)
  - React-RCTActionSheet (0.73.11):
    - React-Core/RCTActionSheetHeaders (= 0.73.11)
  - React-RCTAnimation (0.73.11):
    - RCT-Folly (= 2022.05.16.00)
    - RCTTypeSafety
    - React-Codegen
    - React-Core/RCTAnimationHeaders
    - React-jsi
    - React-NativeModulesApple
    - ReactCommon
  - React-RCTAppDelegate (0.73.11):
    - RCT-Folly
    - RCTRequired
    - RCTTypeSafety
    - React-Core
    - React-CoreModules
    - React-hermes
    - React-nativeconfig
    - React-NativeModulesApple
    - React-RCTFabric
    - React-RCTImage
    - React-RCTNetwork
    - React-runtimescheduler
    - ReactCommon
  - React-RCTBlob (0.73.11):
    - hermes-engine
    - RCT-Folly (= 2022.05.16.00)
    - React-Codegen
    - React-Core/RCTBlobHeaders
    - React-Core/RCTWebSocket
    - React-jsi
    - React-NativeModulesApple
    - React-RCTNetwork
    - ReactCommon
  - React-RCTFabric (0.73.11):
    - glog
    - hermes-engine
    - RCT-Folly/Fabric (= 2022.05.16.00)
    - React-Core
    - React-debug
    - React-Fabric
    - React-FabricImage
    - React-graphics
    - React-ImageManager
    - React-jsi
    - React-nativeconfig
    - React-RCTImage
    - React-RCTText
    - React-rendererdebug
    - React-runtimescheduler
    - React-utils
    - Yoga
  - React-RCTImage (0.73.11):
    - RCT-Folly (= 2022.05.16.00)
    - RCTTypeSafety
    - React-Codegen
    - React-Core/RCTImageHeaders
    - React-jsi
    - React-NativeModulesApple
    - React-RCTNetwork
    - ReactCommon
  - React-RCTLinking (0.73.11):
    - React-Codegen
    - React-Core/RCTLinkingHeaders (= 0.73.11)
    - React-jsi (= 0.73.11)
    - React-NativeModulesApple
    - ReactCommon
    - ReactCommon/turbomodule/core (= 0.73.11)
  - React-RCTNetwork (0.73.11):
    - RCT-Folly (= 2022.05.16.00)
    - RCTTypeSafety
    - React-Codegen
    - React-Core/RCTNetworkHeaders
    - React-jsi
    - React-NativeModulesApple
    - ReactCommon
  - React-RCTSettings (0.73.11):
    - RCT-Folly (= 2022.05.16.00)
    - RCTTypeSafety
    - React-Codegen
    - React-Core/RCTSettingsHeaders
    - React-jsi
    - React-NativeModulesApple
    - ReactCommon
  - React-RCTText (0.73.11):
    - React-Core/RCTTextHeaders (= 0.73.11)
    - Yoga
  - React-RCTVibration (0.73.11):
    - RCT-Folly (= 2022.05.16.00)
    - React-Codegen
    - React-Core/RCTVibrationHeaders
    - React-jsi
    - React-NativeModulesApple
    - ReactCommon
  - React-rendererdebug (0.73.11):
    - DoubleConversion
    - fmt (~> 6.2.1)
    - RCT-Folly (= 2022.05.16.00)
    - React-debug
  - React-rncore (0.73.11)
  - React-runtimeexecutor (0.73.11):
    - React-jsi (= 0.73.11)
  - React-runtimescheduler (0.73.11):
    - glog
    - hermes-engine
    - RCT-Folly (= 2022.05.16.00)
    - React-callinvoker
    - React-cxxreact
    - React-debug
    - React-jsi
    - React-rendererdebug
    - React-runtimeexecutor
    - React-utils
  - React-utils (0.73.11):
    - glog
    - RCT-Folly (= 2022.05.16.00)
    - React-debug
  - ReactCommon (0.73.11):
    - React-logger (= 0.73.11)
    - ReactCommon/turbomodule (= 0.73.11)
  - ReactCommon/turbomodule (0.73.11):
    - DoubleConversion
    - fmt (~> 6.2.1)
    - glog
    - hermes-engine
    - RCT-Folly (= 2022.05.16.00)
    - React-callinvoker (= 0.73.11)
    - React-cxxreact (= 0.73.11)
    - React-jsi (= 0.73.11)
    - React-logger (= 0.73.11)
    - React-perflogger (= 0.73.11)
    - ReactCommon/turbomodule/bridging (= 0.73.11)
    - ReactCommon/turbomodule/core (= 0.73.11)
  - ReactCommon/turbomodule/bridging (0.73.11):
    - DoubleConversion
    - fmt (~> 6.2.1)
    - glog
    - hermes-engine
    - RCT-Folly (= 2022.05.16.00)
    - React-callinvoker (= 0.73.11)
    - React-cxxreact (= 0.73.11)
    - React-jsi (= 0.73.11)
    - React-logger (= 0.73.11)
    - React-perflogger (= 0.73.11)
  - ReactCommon/turbomodule/core (0.73.11):
    - DoubleConversion
    - fmt (~> 6.2.1)
    - glog
    - hermes-engine
    - RCT-Folly (= 2022.05.16.00)
    - React-callinvoker (= 0.73.11)
    - React-cxxreact (= 0.73.11)
    - React-jsi (= 0.73.11)
    - React-logger (= 0.73.11)
    - React-perflogger (= 0.73.11)
  - ReactNativeNavigation (7.51.2):
    - HMSegmentedControl
    - React-Core
    - React-CoreModules
    - React-RCTImage
    - React-RCTText
    - ReactNativeNavigation/Core (= 7.51.2)
  - ReactNativeNavigation/Core (7.51.2):
    - HMSegmentedControl
    - React-Core
    - React-CoreModules
    - React-RCTImage
    - React-RCTText
  - rn-fetch-blob (0.12.0):
    - React-Core
  - RNCClipboard (1.16.3):
    - React-Core
  - RNDeviceInfo (15.0.2):
    - React-Core
  - RNExitApp (2.0.0):
    - React-Core
  - RNFastImage (8.6.3):
    - React-Core
    - SDWebImage (~> 5.11.1)
    - SDWebImageWebPCoder (~> 0.8.4)
  - RNGestureHandler (2.30.1):
    - glog
    - RCT-Folly (= 2022.05.16.00)
    - React-Core
  - RNKeychain (8.2.0):
    - React-Core
  - RNLocalize (3.7.0):
    - React-Core
  - RNReactNativeHapticFeedback (3.0.0):
    - glog
    - RCT-Folly (= 2022.05.16.00)
    - React-Core
  - RNReanimated (3.15.5):
    - glog
    - RCT-Folly (= 2022.05.16.00)
    - React-Core
    - ReactCommon/turbomodule/core
    - RNReanimated/reanimated (= 3.15.5)
    - RNReanimated/worklets (= 3.15.5)
  - RNReanimated/reanimated (3.15.5):
    - glog
    - RCT-Folly (= 2022.05.16.00)
    - React-Core
    - ReactCommon/turbomodule/core
  - RNReanimated/worklets (3.15.5):
    - glog
    - RCT-Folly (= 2022.05.16.00)
    - React-Core
    - ReactCommon/turbomodule/core
  - RNSentry (7.13.0):
    - glog
    - hermes-engine
    - RCT-Folly (= 2022.05.16.00)
    - React-Core
    - React-hermes
    - Sentry/HybridSDK (= 8.58.0)
  - RNShare (12.3.1):
    - glog
    - RCT-Folly (= 2022.05.16.00)
    - React-Core
  - RNStaticSafeAreaInsets (2.2.0):
    - React-Core
  - RNSVG (15.15.5):
    - React-Core
  - SDWebImage (5.11.1):
    - SDWebImage/Core (= 5.11.1)
  - SDWebImage/Core (5.11.1)
  - SDWebImageWebPCoder (0.8.5):
    - libwebp (~> 1.0)
    - SDWebImage/Core (~> 5.10)
  - Sentry/HybridSDK (8.58.0)
  - SocketRocket (0.6.1)
  - Yoga (1.14.0)

DEPENDENCIES:
  - "AsyncStorage (from `../node_modules/@react-native-async-storage/async-storage`)"
  - boost (from `../node_modules/react-native/third-party-podspecs/boost.podspec`)
  - DoubleConversion (from `../node_modules/react-native/third-party-podspecs/DoubleConversion.podspec`)
  - FBLazyVector (from `../node_modules/react-native/Libraries/FBLazyVector`)
  - FBReactNativeSpec (from `../node_modules/react-native/React/FBReactNativeSpec`)
  - glog (from `../node_modules/react-native/third-party-podspecs/glog.podspec`)
  - hermes-engine (from `../node_modules/react-native/sdks/hermes-engine/hermes-engine.podspec`)
  - libevent (~> 2.1.12)
  - RCT-Folly (from `../node_modules/react-native/third-party-podspecs/RCT-Folly.podspec`)
  - RCT-Folly/Fabric (from `../node_modules/react-native/third-party-podspecs/RCT-Folly.podspec`)
  - RCTRequired (from `../node_modules/react-native/Libraries/RCTRequired`)
  - RCTSystemSetting (from `../node_modules/react-native-system-setting`)
  - RCTTypeSafety (from `../node_modules/react-native/Libraries/TypeSafety`)
  - React (from `../node_modules/react-native/`)
  - React-callinvoker (from `../node_modules/react-native/ReactCommon/callinvoker`)
  - React-Codegen (from `build/generated/ios`)
  - React-Core (from `../node_modules/react-native/`)
  - React-Core/RCTWebSocket (from `../node_modules/react-native/`)
  - React-CoreModules (from `../node_modules/react-native/React/CoreModules`)
  - React-cxxreact (from `../node_modules/react-native/ReactCommon/cxxreact`)
  - React-debug (from `../node_modules/react-native/ReactCommon/react/debug`)
  - React-Fabric (from `../node_modules/react-native/ReactCommon`)
  - React-FabricImage (from `../node_modules/react-native/ReactCommon`)
  - React-graphics (from `../node_modules/react-native/ReactCommon/react/renderer/graphics`)
  - React-hermes (from `../node_modules/react-native/ReactCommon/hermes`)
  - React-ImageManager (from `../node_modules/react-native/ReactCommon/react/renderer/imagemanager/platform/ios`)
  - React-jserrorhandler (from `../node_modules/react-native/ReactCommon/jserrorhandler`)
  - React-jsi (from `../node_modules/react-native/ReactCommon/jsi`)
  - React-jsiexecutor (from `../node_modules/react-native/ReactCommon/jsiexecutor`)
  - React-jsinspector (from `../node_modules/react-native/ReactCommon/jsinspector-modern`)
  - React-logger (from `../node_modules/react-native/ReactCommon/logger`)
  - React-Mapbuffer (from `../node_modules/react-native/ReactCommon`)
  - react-native-airplay-button (from `../node_modules/react-native-airplay-button`)
  - react-native-compressor (from `../node_modules/react-native-compressor`)
  - react-native-config (from `../node_modules/react-native-config`)
  - react-native-mmkv (from `../node_modules/react-native-mmkv`)
  - "react-native-netinfo (from `../node_modules/@react-native-community/netinfo`)"
  - react-native-orientation-locker (from `../node_modules/react-native-orientation-locker`)
  - react-native-quick-base64 (from `../node_modules/react-native-quick-base64`)
  - react-native-safe-area-context (from `../node_modules/react-native-safe-area-context`)
  - "react-native-slider (from `../node_modules/@react-native-community/slider`)"
  - "react-native-vector-icons (from `../node_modules/@react-native-vector-icons/get-image`)"
  - "react-native-vector-icons-fontawesome6 (from `../node_modules/@react-native-vector-icons/fontawesome6`)"
  - react-native-video (from `../node_modules/react-native-video`)
  - react-native-webview (from `../node_modules/react-native-webview`)
  - React-nativeconfig (from `../node_modules/react-native/ReactCommon`)
  - React-NativeModulesApple (from `../node_modules/react-native/ReactCommon/react/nativemodule/core/platform/ios`)
  - React-perflogger (from `../node_modules/react-native/ReactCommon/reactperflogger`)
  - React-RCTActionSheet (from `../node_modules/react-native/Libraries/ActionSheetIOS`)
  - React-RCTAnimation (from `../node_modules/react-native/Libraries/NativeAnimation`)
  - React-RCTAppDelegate (from `../node_modules/react-native/Libraries/AppDelegate`)
  - React-RCTBlob (from `../node_modules/react-native/Libraries/Blob`)
  - React-RCTFabric (from `../node_modules/react-native/React`)
  - React-RCTImage (from `../node_modules/react-native/Libraries/Image`)
  - React-RCTLinking (from `../node_modules/react-native/Libraries/LinkingIOS`)
  - React-RCTNetwork (from `../node_modules/react-native/Libraries/Network`)
  - React-RCTSettings (from `../node_modules/react-native/Libraries/Settings`)
  - React-RCTText (from `../node_modules/react-native/Libraries/Text`)
  - React-RCTVibration (from `../node_modules/react-native/Libraries/Vibration`)
  - React-rendererdebug (from `../node_modules/react-native/ReactCommon/react/renderer/debug`)
  - React-rncore (from `../node_modules/react-native/ReactCommon`)
  - React-runtimeexecutor (from `../node_modules/react-native/ReactCommon/runtimeexecutor`)
  - React-runtimescheduler (from `../node_modules/react-native/ReactCommon/react/renderer/runtimescheduler`)
  - React-utils (from `../node_modules/react-native/ReactCommon/react/utils`)
  - ReactCommon/turbomodule/core (from `../node_modules/react-native/ReactCommon`)
  - ReactNativeNavigation (from `../node_modules/react-native-navigation`)
  - rn-fetch-blob (from `../node_modules/rn-fetch-blob`)
  - "RNCClipboard (from `../node_modules/@react-native-clipboard/clipboard`)"
  - RNDeviceInfo (from `../node_modules/react-native-device-info`)
  - RNExitApp (from `../node_modules/react-native-exit-app`)
  - RNFastImage (from `../node_modules/react-native-fast-image`)
  - RNGestureHandler (from `../node_modules/react-native-gesture-handler`)
  - RNKeychain (from `../node_modules/react-native-keychain`)
  - RNLocalize (from `../node_modules/react-native-localize`)
  - RNReactNativeHapticFeedback (from `../node_modules/react-native-haptic-feedback`)
  - RNReanimated (from `../node_modules/react-native-reanimated`)
  - "RNSentry (from `../node_modules/@sentry/react-native`)"
  - RNShare (from `../node_modules/react-native-share`)
  - RNStaticSafeAreaInsets (from `../node_modules/react-native-static-safe-area-insets`)
  - RNSVG (from `../node_modules/react-native-svg`)
  - Yoga (from `../node_modules/react-native/ReactCommon/yoga`)

SPEC REPOS:
  trunk:
    - fmt
    - HMSegmentedControl
    - libevent
    - libwebp
    - MMKV
    - MMKVCore
    - SDWebImage
    - SDWebImageWebPCoder
    - Sentry
    - SocketRocket

EXTERNAL SOURCES:
  AsyncStorage:
    :path: "../node_modules/@react-native-async-storage/async-storage"
  boost:
    :podspec: "../node_modules/react-native/third-party-podspecs/boost.podspec"
  DoubleConversion:
    :podspec: "../node_modules/react-native/third-party-podspecs/DoubleConversion.podspec"
  FBLazyVector:
    :path: "../node_modules/react-native/Libraries/FBLazyVector"
  FBReactNativeSpec:
    :path: "../node_modules/react-native/React/FBReactNativeSpec"
  glog:
    :podspec: "../node_modules/react-native/third-party-podspecs/glog.podspec"
  hermes-engine:
    :podspec: "../node_modules/react-native/sdks/hermes-engine/hermes-engine.podspec"
    :tag: hermes-2024-04-29-RNv0.73.8-644c8be78af1eae7c138fa4093fb87f0f4f8db85
  RCT-Folly:
    :podspec: "../node_modules/react-native/third-party-podspecs/RCT-Folly.podspec"
  RCTRequired:
    :path: "../node_modules/react-native/Libraries/RCTRequired"
  RCTSystemSetting:
    :path: "../node_modules/react-native-system-setting"
  RCTTypeSafety:
    :path: "../node_modules/react-native/Libraries/TypeSafety"
  React:
    :path: "../node_modules/react-native/"
  React-callinvoker:
    :path: "../node_modules/react-native/ReactCommon/callinvoker"
  React-Codegen:
    :path: build/generated/ios
  React-Core:
    :path: "../node_modules/react-native/"
  React-CoreModules:
    :path: "../node_modules/react-native/React/CoreModules"
  React-cxxreact:
    :path: "../node_modules/react-native/ReactCommon/cxxreact"
  React-debug:
    :path: "../node_modules/react-native/ReactCommon/react/debug"
  React-Fabric:
    :path: "../node_modules/react-native/ReactCommon"
  React-FabricImage:
    :path: "../node_modules/react-native/ReactCommon"
  React-graphics:
    :path: "../node_modules/react-native/ReactCommon/react/renderer/graphics"
  React-hermes:
    :path: "../node_modules/react-native/ReactCommon/hermes"
  React-ImageManager:
    :path: "../node_modules/react-native/ReactCommon/react/renderer/imagemanager/platform/ios"
  React-jserrorhandler:
    :path: "../node_modules/react-native/ReactCommon/jserrorhandler"
  React-jsi:
    :path: "../node_modules/react-native/ReactCommon/jsi"
  React-jsiexecutor:
    :path: "../node_modules/react-native/ReactCommon/jsiexecutor"
  React-jsinspector:
    :path: "../node_modules/react-native/ReactCommon/jsinspector-modern"
  React-logger:
    :path: "../node_modules/react-native/ReactCommon/logger"
  React-Mapbuffer:
    :path: "../node_modules/react-native/ReactCommon"
  react-native-airplay-button:
    :path: "../node_modules/react-native-airplay-button"
  react-native-compressor:
    :path: "../node_modules/react-native-compressor"
  react-native-config:
    :path: "../node_modules/react-native-config"
  react-native-mmkv:
    :path: "../node_modules/react-native-mmkv"
  react-native-netinfo:
    :path: "../node_modules/@react-native-community/netinfo"
  react-native-orientation-locker:
    :path: "../node_modules/react-native-orientation-locker"
  react-native-quick-base64:
    :path: "../node_modules/react-native-quick-base64"
  react-native-safe-area-context:
    :path: "../node_modules/react-native-safe-area-context"
  react-native-slider:
    :path: "../node_modules/@react-native-community/slider"
  react-native-vector-icons:
    :path: "../node_modules/@react-native-vector-icons/get-image"
  react-native-vector-icons-fontawesome6:
    :path: "../node_modules/@react-native-vector-icons/fontawesome6"
  react-native-video:
    :path: "../node_modules/react-native-video"
  react-native-webview:
    :path: "../node_modules/react-native-webview"
  React-nativeconfig:
    :path: "../node_modules/react-native/ReactCommon"
  React-NativeModulesApple:
    :path: "../node_modules/react-native/ReactCommon/react/nativemodule/core/platform/ios"
  React-perflogger:
    :path: "../node_modules/react-native/ReactCommon/reactperflogger"
  React-RCTActionSheet:
    :path: "../node_modules/react-native/Libraries/ActionSheetIOS"
  React-RCTAnimation:
    :path: "../node_modules/react-native/Libraries/NativeAnimation"
  React-RCTAppDelegate:
    :path: "../node_modules/react-native/Libraries/AppDelegate"
  React-RCTBlob:
    :path: "../node_modules/react-native/Libraries/Blob"
  React-RCTFabric:
    :path: "../node_modules/react-native/React"
  React-RCTImage:
    :path: "../node_modules/react-native/Libraries/Image"
  React-RCTLinking:
    :path: "../node_modules/react-native/Libraries/LinkingIOS"
  React-RCTNetwork:
    :path: "../node_modules/react-native/Libraries/Network"
  React-RCTSettings:
    :path: "../node_modules/react-native/Libraries/Settings"
  React-RCTText:
    :path: "../node_modules/react-native/Libraries/Text"
  React-RCTVibration:
    :path: "../node_modules/react-native/Libraries/Vibration"
  React-rendererdebug:
    :path: "../node_modules/react-native/ReactCommon/react/renderer/debug"
  React-rncore:
    :path: "../node_modules/react-native/ReactCommon"
  React-runtimeexecutor:
    :path: "../node_modules/react-native/ReactCommon/runtimeexecutor"
  React-runtimescheduler:
    :path: "../node_modules/react-native/ReactCommon/react/renderer/runtimescheduler"
  React-utils:
    :path: "../node_modules/react-native/ReactCommon/react/utils"
  ReactCommon:
    :path: "../node_modules/react-native/ReactCommon"
  ReactNativeNavigation:
    :path: "../node_modules/react-native-navigation"
  rn-fetch-blob:
    :path: "../node_modules/rn-fetch-blob"
  RNCClipboard:
    :path: "../node_modules/@react-native-clipboard/clipboard"
  RNDeviceInfo:
    :path: "../node_modules/react-native-device-info"
  RNExitApp:
    :path: "../node_modules/react-native-exit-app"
  RNFastImage:
    :path: "../node_modules/react-native-fast-image"
  RNGestureHandler:
    :path: "../node_modules/react-native-gesture-handler"
  RNKeychain:
    :path: "../node_modules/react-native-keychain"
  RNLocalize:
    :path: "../node_modules/react-native-localize"
  RNReactNativeHapticFeedback:
    :path: "../node_modules/react-native-haptic-feedback"
  RNReanimated:
    :path: "../node_modules/react-native-reanimated"
  RNSentry:
    :path: "../node_modules/@sentry/react-native"
  RNShare:
    :path: "../node_modules/react-native-share"
  RNStaticSafeAreaInsets:
    :path: "../node_modules/react-native-static-safe-area-insets"
  RNSVG:
    :path: "../node_modules/react-native-svg"
  Yoga:
    :path: "../node_modules/react-native/ReactCommon/yoga"

SPEC CHECKSUMS:
  AsyncStorage: e0f2abfea94dd0857629c68e5030d6ca6b91a4ab
  boost: d3f49c53809116a5d38da093a8aa78bf551aed09
  DoubleConversion: fea03f2699887d960129cc54bba7e52542b6f953
  FBLazyVector: b46891061bfe0a9b07f601813114c8653a72a45c
  FBReactNativeSpec: 9a01850c21d81027fa7b20b9dcc25d9bfae083da
  fmt: ff9d55029c625d3757ed641535fd4a75fedc7ce9
  glog: c5d68082e772fa1c511173d6b30a9de2c05a69a2
  hermes-engine: d992945b77c506e5164e6a9a77510c9d57472c59
  HMSegmentedControl: 34c1f54d822d8308e7b24f5d901ec674dfa31352
  libevent: 4049cae6c81cdb3654a443be001fb9bdceff7913
  libwebp: af5937a13536ef73f3784d69cc342b98961acf33
  MMKV: 63014ed88c63a43bbe2a1c9cf3a58f3654a5f4eb
  MMKVCore: b29cd04b69f5794074e22183ba42ffee52445279
  RCT-Folly: cd21f1661364f975ae76b3308167ad66b09f53f5
  RCTRequired: 415e56f7c33799a6483e41e4dce607f3daf1e69b
  RCTSystemSetting: 4fde35f1f89fa6d644916b06d295837961a3b5b9
  RCTTypeSafety: e984a88e713281c2d8c2309a1a6d2775af0107ae
  React: ab885684e73c5f659bad63446a977312fd3d1ecb
  React-callinvoker: 50a2d1ce3594637c700401ba306373321231eb71
  React-Codegen: 82347e020719c7de190ddadd16fb8f5bcf4a9a52
  React-Core: d5166294382484f57e25dfde05ba00596703d51c
  React-CoreModules: 459534f8112ee73e94f04f5e58276b3d236efd16
  React-cxxreact: d5716540fd97df323792ef1d227f50515fb3e1a8
  React-debug: 660486c6bbf3fd9a3d36082b6c3e2d247bc09b41
  React-Fabric: 3412294ff4fad19c5946892a786d7804f7e76988
  React-FabricImage: 8b3316ad5c87d9f2388911570126808abef45ad8
  React-graphics: cf4ce028912bd9939b46f43924c5b7c85b5a7591
  React-hermes: 59ff965e45955d66977a23d51fe9235b44a09bd4
  React-ImageManager: 03a2aac0c6c83239a68fa1b72ba167697aca689d
  React-jserrorhandler: 262542e2d31b6dcd9579669c76d42dfe270a8aa5
  React-jsi: 36f85df7d83197707e9fd9320d857eac616e6df3
  React-jsiexecutor: a68ea442fd94c7ecf5d9355bde2443f0241531d9
  React-jsinspector: a98428936fb888cc15d857226a26d9ac0a668a0e
  React-logger: 6e4873d1f9c54cca30f6c91a6617f8c91b75ba4c
  React-Mapbuffer: f950f61557aecfb4beb33c26a7b709f4491cfbd7
  react-native-airplay-button: 67346bac38f575ce06978b5746052b0aa2741439
  react-native-compressor: 619fe74f707766e3d82cad5235b60f3790d7aa61
  react-native-config: d08b60865268872495a43e211059b4606131fe01
  react-native-mmkv: a742cb1f2cac58aa1baee8bb6484c716bd38c8b6
  react-native-netinfo: 387c95161b1971d0b2acd61f5ecf394c8fd3fb95
  react-native-orientation-locker: cc6f357b289a2e0dd2210fea0c52cb8e0727fdaa
  react-native-quick-base64: 587ccca2d32a4ea6828aefeb43a4d9cccb486a96
  react-native-safe-area-context: 758e894ca5a9bd1868d2a9cfbca7326a2b6bf9dc
  react-native-slider: 886a70f7294edfb8d8a9a61d265e53a6e3f95d00
  react-native-vector-icons: 438e078d83d81b2684e7d92da792962c3ce35ac1
  react-native-vector-icons-fontawesome6: e0ee5d2a017ecdccf187b8ebb21e8a35a4004b1c
  react-native-video: a6d3ea667f1823473101a541f52f60687ba8c17b
  react-native-webview: 0a2571347e0437130efa8293f7c50d2f8e2b83de
  React-nativeconfig: 6178939b2ac9010dd2f9f994aab3ab11fa68fbf3
  React-NativeModulesApple: eea6abc6e6ea549faa10d867e44b3eba2d8cec3d
  React-perflogger: 3887a05940ccd34a83457fd153fdeda509b31737
  React-RCTActionSheet: 2f42b4797374b53e93b65c79eaa8a0d292e255ac
  React-RCTAnimation: 5639dcd418b798b28e9caacaed18ff5472454837
  React-RCTAppDelegate: 37d3142bfa7cb9f2f8cd41feedc6b50c95986029
  React-RCTBlob: e9f735bb085c6da208dd138bd4bfd294a52e3a86
  React-RCTFabric: 1a7f59a4034e51c4852b7d01ab2832ab42a62f36
  React-RCTImage: cc82df2b50bbdc1a0a0b19bf6fc16dd321eb8f0f
  React-RCTLinking: 3d7900f52ecf03bb2522d7b94d8d16cce776294a
  React-RCTNetwork: ac25c15ee52eb4aadb510afe68db0d1f949c45fa
  React-RCTSettings: 013301fe7304ff06acca5287f6f754c9fa2b63b7
  React-RCTText: ba6997c26241ea0b36ec8f98502a4ed45cab18e4
  React-RCTVibration: b5ba13ed0909d2f2614ed99b067543e6ea0d7c37
  React-rendererdebug: 50602bce0c403157f1ac87dce8600e63a3f7bce9
  React-rncore: e7e1c1175d7e739acc80800d5ae343641f627488
  React-runtimeexecutor: 2fd27b921f664e66d903ee274dcda55cc0b2cb2e
  React-runtimescheduler: f9d6540afe0a726320afe26cecf6189218b0b5a6
  React-utils: d1465452d47b2600e7e00bbe75651bef04f24342
  ReactCommon: 1102fc1d78fbfc56c57123e18d3acc14378f1403
  ReactNativeNavigation: abe4d911e42b0735b6761e471f6a3f6ef934245b
  rn-fetch-blob: 25612b6d6f6e980c6f17ed98ba2f58f5696a51ca
  RNCClipboard: f6679d470d0da2bce2a37b0af7b9e0bf369ecda5
  RNDeviceInfo: 4c852998208b60dc192ae3529e5867817719ad1e
  RNExitApp: 4432b9b7cc5ccec9f91c94e507849891282befd4
  RNFastImage: 462a183c4b0b6b26fdfd639e1ed6ba37536c3b87
  RNGestureHandler: 6936750ca6c91f70cca6589f4824f6c965358be7
  RNKeychain: bbe2f6d5cc008920324acb49ef86ccc03d3b38e4
  RNLocalize: 5b24342fb7288242c2215756412d8dcb8dadf31e
  RNReactNativeHapticFeedback: 5a95a770d0f48d1ced2858beac91cc2a1c51f112
  RNReanimated: 39e633243cbe96c0296740780ab75335b5855c3f
  RNSentry: b03eef7791e91c1b08c8e862415fa46c221b1a2a
  RNShare: 6d412a7338b855d2b75deb546552e83a37555012
  RNStaticSafeAreaInsets: 4696b82d3a11ba6f3a790159ddb7290f04abd275
  RNSVG: cf9aa40efa968809747123ba2f19fff160947f42
  SDWebImage: a7f831e1a65eb5e285e3fb046a23fcfbf08e696d
  SDWebImageWebPCoder: 908b83b6adda48effe7667cd2b7f78c897e5111d
  Sentry: d587a8fe91ca13503ecd69a1905f3e8a0fcf61be
  SocketRocket: f32cd54efbe0f095c4d7594881e52619cfe80b17
  Yoga: d8b0f242670c8d28249d3aab276ca1a3b8db34f5

PODFILE CHECKSUM: 7935ba6b97fb28af5fdae6e0e2ebd0c142870e64

COCOAPODS: 1.16.2
